
Microsoft Visual Studio Solution File, Format Version 12.00
# Visual Studio Version 17
VisualStudioVersion = 17.0.32014.148
MinimumVisualStudioVersion = 15.0.26124.0
Project("{9A19103F-16F7-4668-BE54-9A1E7A4F7556}") = "OffPeakMediaFetcher", "OffPeakMediaFetcher\OffPeakMediaFetcher.csproj", "{983AA2A7-BA6A-42BF-A103-9E06C69369DD}"
EndProject
Project("{9A19103F-16F7-4668-BE54-9A1E7A4F7556}") = "OPMF.SiteAdapter", "OPMF.SiteAdapter\OPMF.SiteAdapter.csproj", "{23C814E7-C37C-4FF8-8ADA-87C734F80746}"
EndProject
Project("{9A19103F-16F7-4668-BE54-9A1E7A4F7556}") = "OPMF.SiteAdapter.Youtube", "OPMF.SiteAdapter.Youtube\OPMF.SiteAdapter.Youtube.csproj", "{65DE740F-1A91-4BB0-8BC9-E7317F282D35}"
EndProject
Project("{9A19103F-16F7-4668-BE54-9A1E7A4F7556}") = "OPMF.Entities", "OPMF.Entities\OPMF.Entities.csproj", "{91ED4F44-5631-4FD2-8B05-025BF6A2F167}"
EndProject
Project("{9A19103F-16F7-4668-BE54-9A1E7A4F7556}") = "OPMF.Database", "OPMF.Database\OPMF.Database.csproj", "{9F47011D-CA0D-4D70-9AE6-77BB1C807B1D}"
EndProject
Project("{9A19103F-16F7-4668-BE54-9A1E7A4F7556}") = "OPMF.Settings", "OPMF.Settings\OPMF.Settings.csproj", "{6BA9E349-7418-48B3-A823-2A49BE67BC50}"
EndProject
Project("{9A19103F-16F7-4668-BE54-9A1E7A4F7556}") = "OPMF.Filesystem", "OPMF.Filesystem\OPMF.Filesystem.csproj", "{22ACBCE7-5076-49EF-B9B5-E432B394738A}"
EndProject
Project("{9A19103F-16F7-4668-BE54-9A1E7A4F7556}") = "OPMF.Downloader", "OPMF.Downloader\OPMF.Downloader.csproj", "{410A76CA-C020-4573-A66C-639E3FFA4CA9}"
EndProject
Project("{9A19103F-16F7-4668-BE54-9A1E7A4F7556}") = "OPMF.Downloader.YTDownloader", "OPMF.Downloader.YTDownloader\OPMF.Downloader.YTDownloader.csproj", "{DA23650E-B317-4709-9F31-D59D3F186486}"
EndProject
Project("{9A19103F-16F7-4668-BE54-9A1E7A4F7556}") = "OPMF.Tests", "OPMF.Tests\OPMF.Tests.csproj", "{05876989-37A7-4D53-8AC9-D9545593493B}"
EndProject
Project("{9A19103F-16F7-4668-BE54-9A1E7A4F7556}") = "OPMF.Logging", "OPMF.Logging\OPMF.Logging.csproj", "{BA0974F5-A877-4FAF-998C-45AD6F7292CA}"
EndProject
Project("{9A19103F-16F7-4668-BE54-9A1E7A4F7556}") = "OPMF.TextLogging", "OPMF.TextLogging\OPMF.TextLogging.csproj", "{DDAEE84A-A44B-47EA-A66C-16E8955C94A3}"
EndProject
Project("{6EC3EE1D-3C4E-46DD-8F32-0CC8E7565705}") = "MediaManager.Services", "MediaManager.Services\MediaManager.Services.fsproj", "{DE3A22BF-27E0-437E-9320-39C2745DFA31}"
EndProject
Project("{6EC3EE1D-3C4E-46DD-8F32-0CC8E7565705}") = "MediaManager.Database", "MediaManager.Database\MediaManager.Database.fsproj", "{A3FCD7F3-4BBE-453D-AA48-DCAB6F2F0EC8}"
EndProject
Project("{6EC3EE1D-3C4E-46DD-8F32-0CC8E7565705}") = "MediaManager.Definitions", "MediaManager.Definitions\MediaManager.Definitions.fsproj", "{667ECBFE-D5E5-4618-8482-562ACA31D4F5}"
EndProject
Project("{6EC3EE1D-3C4E-46DD-8F32-0CC8E7565705}") = "MediaManager.Initializations", "MediaManager.Initializations\MediaManager.Initializations.fsproj", "{B353780C-9268-4D5C-B46F-B441094655FB}"
EndProject
Project("{9A19103F-16F7-4668-BE54-9A1E7A4F7556}") = "MediaManagerUI", "MediaManagerUI\MediaManagerUI.csproj", "{55CAD81E-9B84-4064-9448-A6DDAB5E0496}"
EndProject
Project("{9A19103F-16F7-4668-BE54-9A1E7A4F7556}") = "MediaManager.Services2", "MediaManager.Services2\MediaManager.Services2.csproj", "{FC4925C9-6349-4A23-96FC-90B31F07EC43}"
EndProject
Global
	GlobalSection(SolutionConfigurationPlatforms) = preSolution
		Debug|Any CPU = Debug|Any CPU
		Debug|x64 = Debug|x64
		Debug|x86 = Debug|x86
		Release|Any CPU = Release|Any CPU
		Release|x64 = Release|x64
		Release|x86 = Release|x86
	EndGlobalSection
	GlobalSection(ProjectConfigurationPlatforms) = postSolution
		{983AA2A7-BA6A-42BF-A103-9E06C69369DD}.Debug|Any CPU.ActiveCfg = Debug|Any CPU
		{983AA2A7-BA6A-42BF-A103-9E06C69369DD}.Debug|Any CPU.Build.0 = Debug|Any CPU
		{983AA2A7-BA6A-42BF-A103-9E06C69369DD}.Debug|x64.ActiveCfg = Debug|Any CPU
		{983AA2A7-BA6A-42BF-A103-9E06C69369DD}.Debug|x64.Build.0 = Debug|Any CPU
		{983AA2A7-BA6A-42BF-A103-9E06C69369DD}.Debug|x86.ActiveCfg = Debug|Any CPU
		{983AA2A7-BA6A-42BF-A103-9E06C69369DD}.Debug|x86.Build.0 = Debug|Any CPU
		{983AA2A7-BA6A-42BF-A103-9E06C69369DD}.Release|Any CPU.ActiveCfg = Release|Any CPU
		{983AA2A7-BA6A-42BF-A103-9E06C69369DD}.Release|Any CPU.Build.0 = Release|Any CPU
		{983AA2A7-BA6A-42BF-A103-9E06C69369DD}.Release|x64.ActiveCfg = Release|Any CPU
		{983AA2A7-BA6A-42BF-A103-9E06C69369DD}.Release|x64.Build.0 = Release|Any CPU
		{983AA2A7-BA6A-42BF-A103-9E06C69369DD}.Release|x86.ActiveCfg = Release|Any CPU
		{983AA2A7-BA6A-42BF-A103-9E06C69369DD}.Release|x86.Build.0 = Release|Any CPU
		{23C814E7-C37C-4FF8-8ADA-87C734F80746}.Debug|Any CPU.ActiveCfg = Debug|Any CPU
		{23C814E7-C37C-4FF8-8ADA-87C734F80746}.Debug|Any CPU.Build.0 = Debug|Any CPU
		{23C814E7-C37C-4FF8-8ADA-87C734F80746}.Debug|x64.ActiveCfg = Debug|Any CPU
		{23C814E7-C37C-4FF8-8ADA-87C734F80746}.Debug|x64.Build.0 = Debug|Any CPU
		{23C814E7-C37C-4FF8-8ADA-87C734F80746}.Debug|x86.ActiveCfg = Debug|Any CPU
		{23C814E7-C37C-4FF8-8ADA-87C734F80746}.Debug|x86.Build.0 = Debug|Any CPU
		{23C814E7-C37C-4FF8-8ADA-87C734F80746}.Release|Any CPU.ActiveCfg = Release|Any CPU
		{23C814E7-C37C-4FF8-8ADA-87C734F80746}.Release|Any CPU.Build.0 = Release|Any CPU
		{23C814E7-C37C-4FF8-8ADA-87C734F80746}.Release|x64.ActiveCfg = Release|Any CPU
		{23C814E7-C37C-4FF8-8ADA-87C734F80746}.Release|x64.Build.0 = Release|Any CPU
		{23C814E7-C37C-4FF8-8ADA-87C734F80746}.Release|x86.ActiveCfg = Release|Any CPU
		{23C814E7-C37C-4FF8-8ADA-87C734F80746}.Release|x86.Build.0 = Release|Any CPU
		{65DE740F-1A91-4BB0-8BC9-E7317F282D35}.Debug|Any CPU.ActiveCfg = Debug|Any CPU
		{65DE740F-1A91-4BB0-8BC9-E7317F282D35}.Debug|Any CPU.Build.0 = Debug|Any CPU
		{65DE740F-1A91-4BB0-8BC9-E7317F282D35}.Debug|x64.ActiveCfg = Debug|Any CPU
		{65DE740F-1A91-4BB0-8BC9-E7317F282D35}.Debug|x64.Build.0 = Debug|Any CPU
		{65DE740F-1A91-4BB0-8BC9-E7317F282D35}.Debug|x86.ActiveCfg = Debug|Any CPU
		{65DE740F-1A91-4BB0-8BC9-E7317F282D35}.Debug|x86.Build.0 = Debug|Any CPU
		{65DE740F-1A91-4BB0-8BC9-E7317F282D35}.Release|Any CPU.ActiveCfg = Release|Any CPU
		{65DE740F-1A91-4BB0-8BC9-E7317F282D35}.Release|Any CPU.Build.0 = Release|Any CPU
		{65DE740F-1A91-4BB0-8BC9-E7317F282D35}.Release|x64.ActiveCfg = Release|Any CPU
		{65DE740F-1A91-4BB0-8BC9-E7317F282D35}.Release|x64.Build.0 = Release|Any CPU
		{65DE740F-1A91-4BB0-8BC9-E7317F282D35}.Release|x86.ActiveCfg = Release|Any CPU
		{65DE740F-1A91-4BB0-8BC9-E7317F282D35}.Release|x86.Build.0 = Release|Any CPU
		{91ED4F44-5631-4FD2-8B05-025BF6A2F167}.Debug|Any CPU.ActiveCfg = Debug|Any CPU
		{91ED4F44-5631-4FD2-8B05-025BF6A2F167}.Debug|Any CPU.Build.0 = Debug|Any CPU
		{91ED4F44-5631-4FD2-8B05-025BF6A2F167}.Debug|x64.ActiveCfg = Debug|Any CPU
		{91ED4F44-5631-4FD2-8B05-025BF6A2F167}.Debug|x64.Build.0 = Debug|Any CPU
		{91ED4F44-5631-4FD2-8B05-025BF6A2F167}.Debug|x86.ActiveCfg = Debug|Any CPU
		{91ED4F44-5631-4FD2-8B05-025BF6A2F167}.Debug|x86.Build.0 = Debug|Any CPU
		{91ED4F44-5631-4FD2-8B05-025BF6A2F167}.Release|Any CPU.ActiveCfg = Release|Any CPU
		{91ED4F44-5631-4FD2-8B05-025BF6A2F167}.Release|Any CPU.Build.0 = Release|Any CPU
		{91ED4F44-5631-4FD2-8B05-025BF6A2F167}.Release|x64.ActiveCfg = Release|Any CPU
		{91ED4F44-5631-4FD2-8B05-025BF6A2F167}.Release|x64.Build.0 = Release|Any CPU
		{91ED4F44-5631-4FD2-8B05-025BF6A2F167}.Release|x86.ActiveCfg = Release|Any CPU
		{91ED4F44-5631-4FD2-8B05-025BF6A2F167}.Release|x86.Build.0 = Release|Any CPU
		{9F47011D-CA0D-4D70-9AE6-77BB1C807B1D}.Debug|Any CPU.ActiveCfg = Debug|Any CPU
		{9F47011D-CA0D-4D70-9AE6-77BB1C807B1D}.Debug|Any CPU.Build.0 = Debug|Any CPU
		{9F47011D-CA0D-4D70-9AE6-77BB1C807B1D}.Debug|x64.ActiveCfg = Debug|Any CPU
		{9F47011D-CA0D-4D70-9AE6-77BB1C807B1D}.Debug|x64.Build.0 = Debug|Any CPU
		{9F47011D-CA0D-4D70-9AE6-77BB1C807B1D}.Debug|x86.ActiveCfg = Debug|Any CPU
		{9F47011D-CA0D-4D70-9AE6-77BB1C807B1D}.Debug|x86.Build.0 = Debug|Any CPU
		{9F47011D-CA0D-4D70-9AE6-77BB1C807B1D}.Release|Any CPU.ActiveCfg = Release|Any CPU
		{9F47011D-CA0D-4D70-9AE6-77BB1C807B1D}.Release|Any CPU.Build.0 = Release|Any CPU
		{9F47011D-CA0D-4D70-9AE6-77BB1C807B1D}.Release|x64.ActiveCfg = Release|Any CPU
		{9F47011D-CA0D-4D70-9AE6-77BB1C807B1D}.Release|x64.Build.0 = Release|Any CPU
		{9F47011D-CA0D-4D70-9AE6-77BB1C807B1D}.Release|x86.ActiveCfg = Release|Any CPU
		{9F47011D-CA0D-4D70-9AE6-77BB1C807B1D}.Release|x86.Build.0 = Release|Any CPU
		{6BA9E349-7418-48B3-A823-2A49BE67BC50}.Debug|Any CPU.ActiveCfg = Debug|Any CPU
		{6BA9E349-7418-48B3-A823-2A49BE67BC50}.Debug|Any CPU.Build.0 = Debug|Any CPU
		{6BA9E349-7418-48B3-A823-2A49BE67BC50}.Debug|x64.ActiveCfg = Debug|Any CPU
		{6BA9E349-7418-48B3-A823-2A49BE67BC50}.Debug|x64.Build.0 = Debug|Any CPU
		{6BA9E349-7418-48B3-A823-2A49BE67BC50}.Debug|x86.ActiveCfg = Debug|Any CPU
		{6BA9E349-7418-48B3-A823-2A49BE67BC50}.Debug|x86.Build.0 = Debug|Any CPU
		{6BA9E349-7418-48B3-A823-2A49BE67BC50}.Release|Any CPU.ActiveCfg = Release|Any CPU
		{6BA9E349-7418-48B3-A823-2A49BE67BC50}.Release|Any CPU.Build.0 = Release|Any CPU
		{6BA9E349-7418-48B3-A823-2A49BE67BC50}.Release|x64.ActiveCfg = Release|Any CPU
		{6BA9E349-7418-48B3-A823-2A49BE67BC50}.Release|x64.Build.0 = Release|Any CPU
		{6BA9E349-7418-48B3-A823-2A49BE67BC50}.Release|x86.ActiveCfg = Release|Any CPU
		{6BA9E349-7418-48B3-A823-2A49BE67BC50}.Release|x86.Build.0 = Release|Any CPU
		{22ACBCE7-5076-49EF-B9B5-E432B394738A}.Debug|Any CPU.ActiveCfg = Debug|Any CPU
		{22ACBCE7-5076-49EF-B9B5-E432B394738A}.Debug|Any CPU.Build.0 = Debug|Any CPU
		{22ACBCE7-5076-49EF-B9B5-E432B394738A}.Debug|x64.ActiveCfg = Debug|Any CPU
		{22ACBCE7-5076-49EF-B9B5-E432B394738A}.Debug|x64.Build.0 = Debug|Any CPU
		{22ACBCE7-5076-49EF-B9B5-E432B394738A}.Debug|x86.ActiveCfg = Debug|Any CPU
		{22ACBCE7-5076-49EF-B9B5-E432B394738A}.Debug|x86.Build.0 = Debug|Any CPU
		{22ACBCE7-5076-49EF-B9B5-E432B394738A}.Release|Any CPU.ActiveCfg = Release|Any CPU
		{22ACBCE7-5076-49EF-B9B5-E432B394738A}.Release|Any CPU.Build.0 = Release|Any CPU
		{22ACBCE7-5076-49EF-B9B5-E432B394738A}.Release|x64.ActiveCfg = Release|Any CPU
		{22ACBCE7-5076-49EF-B9B5-E432B394738A}.Release|x64.Build.0 = Release|Any CPU
		{22ACBCE7-5076-49EF-B9B5-E432B394738A}.Release|x86.ActiveCfg = Release|Any CPU
		{22ACBCE7-5076-49EF-B9B5-E432B394738A}.Release|x86.Build.0 = Release|Any CPU
		{410A76CA-C020-4573-A66C-639E3FFA4CA9}.Debug|Any CPU.ActiveCfg = Debug|Any CPU
		{410A76CA-C020-4573-A66C-639E3FFA4CA9}.Debug|Any CPU.Build.0 = Debug|Any CPU
		{410A76CA-C020-4573-A66C-639E3FFA4CA9}.Debug|x64.ActiveCfg = Debug|Any CPU
		{410A76CA-C020-4573-A66C-639E3FFA4CA9}.Debug|x64.Build.0 = Debug|Any CPU
		{410A76CA-C020-4573-A66C-639E3FFA4CA9}.Debug|x86.ActiveCfg = Debug|Any CPU
		{410A76CA-C020-4573-A66C-639E3FFA4CA9}.Debug|x86.Build.0 = Debug|Any CPU
		{410A76CA-C020-4573-A66C-639E3FFA4CA9}.Release|Any CPU.ActiveCfg = Release|Any CPU
		{410A76CA-C020-4573-A66C-639E3FFA4CA9}.Release|Any CPU.Build.0 = Release|Any CPU
		{410A76CA-C020-4573-A66C-639E3FFA4CA9}.Release|x64.ActiveCfg = Release|Any CPU
		{410A76CA-C020-4573-A66C-639E3FFA4CA9}.Release|x64.Build.0 = Release|Any CPU
		{410A76CA-C020-4573-A66C-639E3FFA4CA9}.Release|x86.ActiveCfg = Release|Any CPU
		{410A76CA-C020-4573-A66C-639E3FFA4CA9}.Release|x86.Build.0 = Release|Any CPU
		{DA23650E-B317-4709-9F31-D59D3F186486}.Debug|Any CPU.ActiveCfg = Debug|Any CPU
		{DA23650E-B317-4709-9F31-D59D3F186486}.Debug|Any CPU.Build.0 = Debug|Any CPU
		{DA23650E-B317-4709-9F31-D59D3F186486}.Debug|x64.ActiveCfg = Debug|Any CPU
		{DA23650E-B317-4709-9F31-D59D3F186486}.Debug|x64.Build.0 = Debug|Any CPU
		{DA23650E-B317-4709-9F31-D59D3F186486}.Debug|x86.ActiveCfg = Debug|Any CPU
		{DA23650E-B317-4709-9F31-D59D3F186486}.Debug|x86.Build.0 = Debug|Any CPU
		{DA23650E-B317-4709-9F31-D59D3F186486}.Release|Any CPU.ActiveCfg = Release|Any CPU
		{DA23650E-B317-4709-9F31-D59D3F186486}.Release|Any CPU.Build.0 = Release|Any CPU
		{DA23650E-B317-4709-9F31-D59D3F186486}.Release|x64.ActiveCfg = Release|Any CPU
		{DA23650E-B317-4709-9F31-D59D3F186486}.Release|x64.Build.0 = Release|Any CPU
		{DA23650E-B317-4709-9F31-D59D3F186486}.Release|x86.ActiveCfg = Release|Any CPU
		{DA23650E-B317-4709-9F31-D59D3F186486}.Release|x86.Build.0 = Release|Any CPU
		{05876989-37A7-4D53-8AC9-D9545593493B}.Debug|Any CPU.ActiveCfg = Debug|Any CPU
		{05876989-37A7-4D53-8AC9-D9545593493B}.Debug|Any CPU.Build.0 = Debug|Any CPU
		{05876989-37A7-4D53-8AC9-D9545593493B}.Debug|x64.ActiveCfg = Debug|Any CPU
		{05876989-37A7-4D53-8AC9-D9545593493B}.Debug|x64.Build.0 = Debug|Any CPU
		{05876989-37A7-4D53-8AC9-D9545593493B}.Debug|x86.ActiveCfg = Debug|Any CPU
		{05876989-37A7-4D53-8AC9-D9545593493B}.Debug|x86.Build.0 = Debug|Any CPU
		{05876989-37A7-4D53-8AC9-D9545593493B}.Release|Any CPU.ActiveCfg = Release|Any CPU
		{05876989-37A7-4D53-8AC9-D9545593493B}.Release|Any CPU.Build.0 = Release|Any CPU
		{05876989-37A7-4D53-8AC9-D9545593493B}.Release|x64.ActiveCfg = Release|Any CPU
		{05876989-37A7-4D53-8AC9-D9545593493B}.Release|x64.Build.0 = Release|Any CPU
		{05876989-37A7-4D53-8AC9-D9545593493B}.Release|x86.ActiveCfg = Release|Any CPU
		{05876989-37A7-4D53-8AC9-D9545593493B}.Release|x86.Build.0 = Release|Any CPU
		{BA0974F5-A877-4FAF-998C-45AD6F7292CA}.Debug|Any CPU.ActiveCfg = Debug|Any CPU
		{BA0974F5-A877-4FAF-998C-45AD6F7292CA}.Debug|Any CPU.Build.0 = Debug|Any CPU
		{BA0974F5-A877-4FAF-998C-45AD6F7292CA}.Debug|x64.ActiveCfg = Debug|Any CPU
		{BA0974F5-A877-4FAF-998C-45AD6F7292CA}.Debug|x64.Build.0 = Debug|Any CPU
		{BA0974F5-A877-4FAF-998C-45AD6F7292CA}.Debug|x86.ActiveCfg = Debug|Any CPU
		{BA0974F5-A877-4FAF-998C-45AD6F7292CA}.Debug|x86.Build.0 = Debug|Any CPU
		{BA0974F5-A877-4FAF-998C-45AD6F7292CA}.Release|Any CPU.ActiveCfg = Release|Any CPU
		{BA0974F5-A877-4FAF-998C-45AD6F7292CA}.Release|Any CPU.Build.0 = Release|Any CPU
		{BA0974F5-A877-4FAF-998C-45AD6F7292CA}.Release|x64.ActiveCfg = Release|Any CPU
		{BA0974F5-A877-4FAF-998C-45AD6F7292CA}.Release|x64.Build.0 = Release|Any CPU
		{BA0974F5-A877-4FAF-998C-45AD6F7292CA}.Release|x86.ActiveCfg = Release|Any CPU
		{BA0974F5-A877-4FAF-998C-45AD6F7292CA}.Release|x86.Build.0 = Release|Any CPU
		{DDAEE84A-A44B-47EA-A66C-16E8955C94A3}.Debug|Any CPU.ActiveCfg = Debug|Any CPU
		{DDAEE84A-A44B-47EA-A66C-16E8955C94A3}.Debug|Any CPU.Build.0 = Debug|Any CPU
		{DDAEE84A-A44B-47EA-A66C-16E8955C94A3}.Debug|x64.ActiveCfg = Debug|Any CPU
		{DDAEE84A-A44B-47EA-A66C-16E8955C94A3}.Debug|x64.Build.0 = Debug|Any CPU
		{DDAEE84A-A44B-47EA-A66C-16E8955C94A3}.Debug|x86.ActiveCfg = Debug|Any CPU
		{DDAEE84A-A44B-47EA-A66C-16E8955C94A3}.Debug|x86.Build.0 = Debug|Any CPU
		{DDAEE84A-A44B-47EA-A66C-16E8955C94A3}.Release|Any CPU.ActiveCfg = Release|Any CPU
		{DDAEE84A-A44B-47EA-A66C-16E8955C94A3}.Release|Any CPU.Build.0 = Release|Any CPU
		{DDAEE84A-A44B-47EA-A66C-16E8955C94A3}.Release|x64.ActiveCfg = Release|Any CPU
		{DDAEE84A-A44B-47EA-A66C-16E8955C94A3}.Release|x64.Build.0 = Release|Any CPU
		{DDAEE84A-A44B-47EA-A66C-16E8955C94A3}.Release|x86.ActiveCfg = Release|Any CPU
		{DDAEE84A-A44B-47EA-A66C-16E8955C94A3}.Release|x86.Build.0 = Release|Any CPU
		{DE3A22BF-27E0-437E-9320-39C2745DFA31}.Debug|Any CPU.ActiveCfg = Debug|Any CPU
		{DE3A22BF-27E0-437E-9320-39C2745DFA31}.Debug|Any CPU.Build.0 = Debug|Any CPU
		{DE3A22BF-27E0-437E-9320-39C2745DFA31}.Debug|x64.ActiveCfg = Debug|Any CPU
		{DE3A22BF-27E0-437E-9320-39C2745DFA31}.Debug|x64.Build.0 = Debug|Any CPU
		{DE3A22BF-27E0-437E-9320-39C2745DFA31}.Debug|x86.ActiveCfg = Debug|Any CPU
		{DE3A22BF-27E0-437E-9320-39C2745DFA31}.Debug|x86.Build.0 = Debug|Any CPU
		{DE3A22BF-27E0-437E-9320-39C2745DFA31}.Release|Any CPU.ActiveCfg = Release|Any CPU
		{DE3A22BF-27E0-437E-9320-39C2745DFA31}.Release|Any CPU.Build.0 = Release|Any CPU
		{DE3A22BF-27E0-437E-9320-39C2745DFA31}.Release|x64.ActiveCfg = Release|Any CPU
		{DE3A22BF-27E0-437E-9320-39C2745DFA31}.Release|x64.Build.0 = Release|Any CPU
		{DE3A22BF-27E0-437E-9320-39C2745DFA31}.Release|x86.ActiveCfg = Release|Any CPU
		{DE3A22BF-27E0-437E-9320-39C2745DFA31}.Release|x86.Build.0 = Release|Any CPU
		{A3FCD7F3-4BBE-453D-AA48-DCAB6F2F0EC8}.Debug|Any CPU.ActiveCfg = Debug|Any CPU
		{A3FCD7F3-4BBE-453D-AA48-DCAB6F2F0EC8}.Debug|Any CPU.Build.0 = Debug|Any CPU
		{A3FCD7F3-4BBE-453D-AA48-DCAB6F2F0EC8}.Debug|x64.ActiveCfg = Debug|Any CPU
		{A3FCD7F3-4BBE-453D-AA48-DCAB6F2F0EC8}.Debug|x64.Build.0 = Debug|Any CPU
		{A3FCD7F3-4BBE-453D-AA48-DCAB6F2F0EC8}.Debug|x86.ActiveCfg = Debug|Any CPU
		{A3FCD7F3-4BBE-453D-AA48-DCAB6F2F0EC8}.Debug|x86.Build.0 = Debug|Any CPU
		{A3FCD7F3-4BBE-453D-AA48-DCAB6F2F0EC8}.Release|Any CPU.ActiveCfg = Release|Any CPU
		{A3FCD7F3-4BBE-453D-AA48-DCAB6F2F0EC8}.Release|Any CPU.Build.0 = Release|Any CPU
		{A3FCD7F3-4BBE-453D-AA48-DCAB6F2F0EC8}.Release|x64.ActiveCfg = Release|Any CPU
		{A3FCD7F3-4BBE-453D-AA48-DCAB6F2F0EC8}.Release|x64.Build.0 = Release|Any CPU
		{A3FCD7F3-4BBE-453D-AA48-DCAB6F2F0EC8}.Release|x86.ActiveCfg = Release|Any CPU
		{A3FCD7F3-4BBE-453D-AA48-DCAB6F2F0EC8}.Release|x86.Build.0 = Release|Any CPU
		{667ECBFE-D5E5-4618-8482-562ACA31D4F5}.Debug|Any CPU.ActiveCfg = Debug|Any CPU
		{667ECBFE-D5E5-4618-8482-562ACA31D4F5}.Debug|Any CPU.Build.0 = Debug|Any CPU
		{667ECBFE-D5E5-4618-8482-562ACA31D4F5}.Debug|x64.ActiveCfg = Debug|Any CPU
		{667ECBFE-D5E5-4618-8482-562ACA31D4F5}.Debug|x64.Build.0 = Debug|Any CPU
		{667ECBFE-D5E5-4618-8482-562ACA31D4F5}.Debug|x86.ActiveCfg = Debug|Any CPU
		{667ECBFE-D5E5-4618-8482-562ACA31D4F5}.Debug|x86.Build.0 = Debug|Any CPU
		{667ECBFE-D5E5-4618-8482-562ACA31D4F5}.Release|Any CPU.ActiveCfg = Release|Any CPU
		{667ECBFE-D5E5-4618-8482-562ACA31D4F5}.Release|Any CPU.Build.0 = Release|Any CPU
		{667ECBFE-D5E5-4618-8482-562ACA31D4F5}.Release|x64.ActiveCfg = Release|Any CPU
		{667ECBFE-D5E5-4618-8482-562ACA31D4F5}.Release|x64.Build.0 = Release|Any CPU
		{667ECBFE-D5E5-4618-8482-562ACA31D4F5}.Release|x86.ActiveCfg = Release|Any CPU
		{667ECBFE-D5E5-4618-8482-562ACA31D4F5}.Release|x86.Build.0 = Release|Any CPU
		{B353780C-9268-4D5C-B46F-B441094655FB}.Debug|Any CPU.ActiveCfg = Debug|Any CPU
		{B353780C-9268-4D5C-B46F-B441094655FB}.Debug|Any CPU.Build.0 = Debug|Any CPU
		{B353780C-9268-4D5C-B46F-B441094655FB}.Debug|x64.ActiveCfg = Debug|Any CPU
		{B353780C-9268-4D5C-B46F-B441094655FB}.Debug|x64.Build.0 = Debug|Any CPU
		{B353780C-9268-4D5C-B46F-B441094655FB}.Debug|x86.ActiveCfg = Debug|Any CPU
		{B353780C-9268-4D5C-B46F-B441094655FB}.Debug|x86.Build.0 = Debug|Any CPU
		{B353780C-9268-4D5C-B46F-B441094655FB}.Release|Any CPU.ActiveCfg = Release|Any CPU
		{B353780C-9268-4D5C-B46F-B441094655FB}.Release|Any CPU.Build.0 = Release|Any CPU
		{B353780C-9268-4D5C-B46F-B441094655FB}.Release|x64.ActiveCfg = Release|Any CPU
		{B353780C-9268-4D5C-B46F-B441094655FB}.Release|x64.Build.0 = Release|Any CPU
		{B353780C-9268-4D5C-B46F-B441094655FB}.Release|x86.ActiveCfg = Release|Any CPU
		{B353780C-9268-4D5C-B46F-B441094655FB}.Release|x86.Build.0 = Release|Any CPU
	EndGlobalSection
	GlobalSection(SolutionProperties) = preSolution
		HideSolutionNode = FALSE
	EndGlobalSection
	GlobalSection(ExtensibilityGlobals) = postSolution
		SolutionGuid = {42790A2A-2629-4BB9-BB71-57439F689F81}
	EndGlobalSection
EndGlobal
