
Microsoft Visual Studio Solution File, Format Version 12.00
# Visual Studio Version 16
VisualStudioVersion = 16.0.30413.136
MinimumVisualStudioVersion = 15.0.26124.0
Project("{9A19103F-16F7-4668-BE54-9A1E7A4F7556}") = "OffPeakMediaFetcher", "OffPeakMediaFetcher\OffPeakMediaFetcher.csproj", "{983AA2A7-BA6A-42BF-A103-9E06C69369DD}"
EndProject
Project("{9A19103F-16F7-4668-BE54-9A1E7A4F7556}") = "OPMF.SiteAdapter", "OPMF.SiteAdapter\OPMF.SiteAdapter.csproj", "{23C814E7-C37C-4FF8-8ADA-87C734F80746}"
EndProject
Project("{9A19103F-16F7-4668-BE54-9A1E7A4F7556}") = "OPMF.SiteAdapter.Youtube", "OPMF.SiteAdapter.Youtube\OPMF.SiteAdapter.Youtube.csproj", "{65DE740F-1A91-4BB0-8BC9-E7317F282D35}"
EndProject
Project("{9A19103F-16F7-4668-BE54-9A1E7A4F7556}") = "OPMF.Entities", "OPMF.Entities\OPMF.Entities.csproj", "{91ED4F44-5631-4FD2-8B05-025BF6A2F167}"
EndProject
Project("{9A19103F-16F7-4668-BE54-9A1E7A4F7556}") = "OPMF.Database", "OPMF.Database\OPMF.Database.csproj", "{9F47011D-CA0D-4D70-9AE6-77BB1C807B1D}"
EndProject
Project("{9A19103F-16F7-4668-BE54-9A1E7A4F7556}") = "OPMF.Settings", "OPMF.Settings\OPMF.Settings.csproj", "{6BA9E349-7418-48B3-A823-2A49BE67BC50}"
EndProject
Project("{9A19103F-16F7-4668-BE54-9A1E7A4F7556}") = "OPMF.Actions", "OPMF.Actions\OPMF.Actions.csproj", "{22ACBCE7-5076-49EF-B9B5-E432B394738A}"
EndProject
Project("{9A19103F-16F7-4668-BE54-9A1E7A4F7556}") = "FetcherManager", "FetcherManager\FetcherManager.csproj", "{249CFA55-789F-4BB5-BF0C-68091A12F826}"
EndProject
Project("{9A19103F-16F7-4668-BE54-9A1E7A4F7556}") = "OPMF.Downloader", "OPMF.Downloader\OPMF.Downloader.csproj", "{410A76CA-C020-4573-A66C-639E3FFA4CA9}"
EndProject
Project("{9A19103F-16F7-4668-BE54-9A1E7A4F7556}") = "OPMF.Downloader.YTDownloader", "OPMF.Downloader.YTDownloader\OPMF.Downloader.YTDownloader.csproj", "{DA23650E-B317-4709-9F31-D59D3F186486}"
EndProject
Project("{9A19103F-16F7-4668-BE54-9A1E7A4F7556}") = "OPMF.SiteAdapter.Youtube.Tests", "OPMF.SiteAdapter.Youtube.Tests\OPMF.SiteAdapter.Youtube.Tests.csproj", "{05876989-37A7-4D53-8AC9-D9545593493B}"
EndProject
Project("{FAE04EC0-301F-11D3-BF4B-00C04F79EFBC}") = "OPMF.OSEnvironment", "OPMF.OSEnvironment\OPMF.OSEnvironment.csproj", "{DD360C1C-AE17-40A1-AB8C-9ABC0B40BA87}"
EndProject
Project("{FAE04EC0-301F-11D3-BF4B-00C04F79EFBC}") = "OPMF.OSEnvironment.Windows", "OPMF.OSEnvironment.Windows\OPMF.OSEnvironment.Windows.csproj", "{ECFCBBEA-62DF-4484-AA97-E568349DAF6A}"
EndProject
Project("{FAE04EC0-301F-11D3-BF4B-00C04F79EFBC}") = "OPMF.OSCompat", "OPMF.OSCompat\OPMF.OSCompat.csproj", "{17E8DE5F-0F9F-492F-A80B-F75CFD2B6E9A}"
EndProject
Global
	GlobalSection(SolutionConfigurationPlatforms) = preSolution
		Debug|Any CPU = Debug|Any CPU
		Debug|x64 = Debug|x64
		Debug|x86 = Debug|x86
		Release|Any CPU = Release|Any CPU
		Release|x64 = Release|x64
		Release|x86 = Release|x86
	EndGlobalSection
	GlobalSection(ProjectConfigurationPlatforms) = postSolution
		{983AA2A7-BA6A-42BF-A103-9E06C69369DD}.Debug|Any CPU.ActiveCfg = Debug|Any CPU
		{983AA2A7-BA6A-42BF-A103-9E06C69369DD}.Debug|Any CPU.Build.0 = Debug|Any CPU
		{983AA2A7-BA6A-42BF-A103-9E06C69369DD}.Debug|x64.ActiveCfg = Debug|Any CPU
		{983AA2A7-BA6A-42BF-A103-9E06C69369DD}.Debug|x64.Build.0 = Debug|Any CPU
		{983AA2A7-BA6A-42BF-A103-9E06C69369DD}.Debug|x86.ActiveCfg = Debug|Any CPU
		{983AA2A7-BA6A-42BF-A103-9E06C69369DD}.Debug|x86.Build.0 = Debug|Any CPU
		{983AA2A7-BA6A-42BF-A103-9E06C69369DD}.Release|Any CPU.ActiveCfg = Release|Any CPU
		{983AA2A7-BA6A-42BF-A103-9E06C69369DD}.Release|Any CPU.Build.0 = Release|Any CPU
		{983AA2A7-BA6A-42BF-A103-9E06C69369DD}.Release|x64.ActiveCfg = Release|Any CPU
		{983AA2A7-BA6A-42BF-A103-9E06C69369DD}.Release|x64.Build.0 = Release|Any CPU
		{983AA2A7-BA6A-42BF-A103-9E06C69369DD}.Release|x86.ActiveCfg = Release|Any CPU
		{983AA2A7-BA6A-42BF-A103-9E06C69369DD}.Release|x86.Build.0 = Release|Any CPU
		{23C814E7-C37C-4FF8-8ADA-87C734F80746}.Debug|Any CPU.ActiveCfg = Debug|Any CPU
		{23C814E7-C37C-4FF8-8ADA-87C734F80746}.Debug|Any CPU.Build.0 = Debug|Any CPU
		{23C814E7-C37C-4FF8-8ADA-87C734F80746}.Debug|x64.ActiveCfg = Debug|Any CPU
		{23C814E7-C37C-4FF8-8ADA-87C734F80746}.Debug|x64.Build.0 = Debug|Any CPU
		{23C814E7-C37C-4FF8-8ADA-87C734F80746}.Debug|x86.ActiveCfg = Debug|Any CPU
		{23C814E7-C37C-4FF8-8ADA-87C734F80746}.Debug|x86.Build.0 = Debug|Any CPU
		{23C814E7-C37C-4FF8-8ADA-87C734F80746}.Release|Any CPU.ActiveCfg = Release|Any CPU
		{23C814E7-C37C-4FF8-8ADA-87C734F80746}.Release|Any CPU.Build.0 = Release|Any CPU
		{23C814E7-C37C-4FF8-8ADA-87C734F80746}.Release|x64.ActiveCfg = Release|Any CPU
		{23C814E7-C37C-4FF8-8ADA-87C734F80746}.Release|x64.Build.0 = Release|Any CPU
		{23C814E7-C37C-4FF8-8ADA-87C734F80746}.Release|x86.ActiveCfg = Release|Any CPU
		{23C814E7-C37C-4FF8-8ADA-87C734F80746}.Release|x86.Build.0 = Release|Any CPU
		{65DE740F-1A91-4BB0-8BC9-E7317F282D35}.Debug|Any CPU.ActiveCfg = Debug|Any CPU
		{65DE740F-1A91-4BB0-8BC9-E7317F282D35}.Debug|Any CPU.Build.0 = Debug|Any CPU
		{65DE740F-1A91-4BB0-8BC9-E7317F282D35}.Debug|x64.ActiveCfg = Debug|Any CPU
		{65DE740F-1A91-4BB0-8BC9-E7317F282D35}.Debug|x64.Build.0 = Debug|Any CPU
		{65DE740F-1A91-4BB0-8BC9-E7317F282D35}.Debug|x86.ActiveCfg = Debug|Any CPU
		{65DE740F-1A91-4BB0-8BC9-E7317F282D35}.Debug|x86.Build.0 = Debug|Any CPU
		{65DE740F-1A91-4BB0-8BC9-E7317F282D35}.Release|Any CPU.ActiveCfg = Release|Any CPU
		{65DE740F-1A91-4BB0-8BC9-E7317F282D35}.Release|Any CPU.Build.0 = Release|Any CPU
		{65DE740F-1A91-4BB0-8BC9-E7317F282D35}.Release|x64.ActiveCfg = Release|Any CPU
		{65DE740F-1A91-4BB0-8BC9-E7317F282D35}.Release|x64.Build.0 = Release|Any CPU
		{65DE740F-1A91-4BB0-8BC9-E7317F282D35}.Release|x86.ActiveCfg = Release|Any CPU
		{65DE740F-1A91-4BB0-8BC9-E7317F282D35}.Release|x86.Build.0 = Release|Any CPU
		{91ED4F44-5631-4FD2-8B05-025BF6A2F167}.Debug|Any CPU.ActiveCfg = Debug|Any CPU
		{91ED4F44-5631-4FD2-8B05-025BF6A2F167}.Debug|Any CPU.Build.0 = Debug|Any CPU
		{91ED4F44-5631-4FD2-8B05-025BF6A2F167}.Debug|x64.ActiveCfg = Debug|Any CPU
		{91ED4F44-5631-4FD2-8B05-025BF6A2F167}.Debug|x64.Build.0 = Debug|Any CPU
		{91ED4F44-5631-4FD2-8B05-025BF6A2F167}.Debug|x86.ActiveCfg = Debug|Any CPU
		{91ED4F44-5631-4FD2-8B05-025BF6A2F167}.Debug|x86.Build.0 = Debug|Any CPU
		{91ED4F44-5631-4FD2-8B05-025BF6A2F167}.Release|Any CPU.ActiveCfg = Release|Any CPU
		{91ED4F44-5631-4FD2-8B05-025BF6A2F167}.Release|Any CPU.Build.0 = Release|Any CPU
		{91ED4F44-5631-4FD2-8B05-025BF6A2F167}.Release|x64.ActiveCfg = Release|Any CPU
		{91ED4F44-5631-4FD2-8B05-025BF6A2F167}.Release|x64.Build.0 = Release|Any CPU
		{91ED4F44-5631-4FD2-8B05-025BF6A2F167}.Release|x86.ActiveCfg = Release|Any CPU
		{91ED4F44-5631-4FD2-8B05-025BF6A2F167}.Release|x86.Build.0 = Release|Any CPU
		{9F47011D-CA0D-4D70-9AE6-77BB1C807B1D}.Debug|Any CPU.ActiveCfg = Debug|Any CPU
		{9F47011D-CA0D-4D70-9AE6-77BB1C807B1D}.Debug|Any CPU.Build.0 = Debug|Any CPU
		{9F47011D-CA0D-4D70-9AE6-77BB1C807B1D}.Debug|x64.ActiveCfg = Debug|Any CPU
		{9F47011D-CA0D-4D70-9AE6-77BB1C807B1D}.Debug|x64.Build.0 = Debug|Any CPU
		{9F47011D-CA0D-4D70-9AE6-77BB1C807B1D}.Debug|x86.ActiveCfg = Debug|Any CPU
		{9F47011D-CA0D-4D70-9AE6-77BB1C807B1D}.Debug|x86.Build.0 = Debug|Any CPU
		{9F47011D-CA0D-4D70-9AE6-77BB1C807B1D}.Release|Any CPU.ActiveCfg = Release|Any CPU
		{9F47011D-CA0D-4D70-9AE6-77BB1C807B1D}.Release|Any CPU.Build.0 = Release|Any CPU
		{9F47011D-CA0D-4D70-9AE6-77BB1C807B1D}.Release|x64.ActiveCfg = Release|Any CPU
		{9F47011D-CA0D-4D70-9AE6-77BB1C807B1D}.Release|x64.Build.0 = Release|Any CPU
		{9F47011D-CA0D-4D70-9AE6-77BB1C807B1D}.Release|x86.ActiveCfg = Release|Any CPU
		{9F47011D-CA0D-4D70-9AE6-77BB1C807B1D}.Release|x86.Build.0 = Release|Any CPU
		{6BA9E349-7418-48B3-A823-2A49BE67BC50}.Debug|Any CPU.ActiveCfg = Debug|Any CPU
		{6BA9E349-7418-48B3-A823-2A49BE67BC50}.Debug|Any CPU.Build.0 = Debug|Any CPU
		{6BA9E349-7418-48B3-A823-2A49BE67BC50}.Debug|x64.ActiveCfg = Debug|Any CPU
		{6BA9E349-7418-48B3-A823-2A49BE67BC50}.Debug|x64.Build.0 = Debug|Any CPU
		{6BA9E349-7418-48B3-A823-2A49BE67BC50}.Debug|x86.ActiveCfg = Debug|Any CPU
		{6BA9E349-7418-48B3-A823-2A49BE67BC50}.Debug|x86.Build.0 = Debug|Any CPU
		{6BA9E349-7418-48B3-A823-2A49BE67BC50}.Release|Any CPU.ActiveCfg = Release|Any CPU
		{6BA9E349-7418-48B3-A823-2A49BE67BC50}.Release|Any CPU.Build.0 = Release|Any CPU
		{6BA9E349-7418-48B3-A823-2A49BE67BC50}.Release|x64.ActiveCfg = Release|Any CPU
		{6BA9E349-7418-48B3-A823-2A49BE67BC50}.Release|x64.Build.0 = Release|Any CPU
		{6BA9E349-7418-48B3-A823-2A49BE67BC50}.Release|x86.ActiveCfg = Release|Any CPU
		{6BA9E349-7418-48B3-A823-2A49BE67BC50}.Release|x86.Build.0 = Release|Any CPU
		{22ACBCE7-5076-49EF-B9B5-E432B394738A}.Debug|Any CPU.ActiveCfg = Debug|Any CPU
		{22ACBCE7-5076-49EF-B9B5-E432B394738A}.Debug|Any CPU.Build.0 = Debug|Any CPU
		{22ACBCE7-5076-49EF-B9B5-E432B394738A}.Debug|x64.ActiveCfg = Debug|Any CPU
		{22ACBCE7-5076-49EF-B9B5-E432B394738A}.Debug|x64.Build.0 = Debug|Any CPU
		{22ACBCE7-5076-49EF-B9B5-E432B394738A}.Debug|x86.ActiveCfg = Debug|Any CPU
		{22ACBCE7-5076-49EF-B9B5-E432B394738A}.Debug|x86.Build.0 = Debug|Any CPU
		{22ACBCE7-5076-49EF-B9B5-E432B394738A}.Release|Any CPU.ActiveCfg = Release|Any CPU
		{22ACBCE7-5076-49EF-B9B5-E432B394738A}.Release|Any CPU.Build.0 = Release|Any CPU
		{22ACBCE7-5076-49EF-B9B5-E432B394738A}.Release|x64.ActiveCfg = Release|Any CPU
		{22ACBCE7-5076-49EF-B9B5-E432B394738A}.Release|x64.Build.0 = Release|Any CPU
		{22ACBCE7-5076-49EF-B9B5-E432B394738A}.Release|x86.ActiveCfg = Release|Any CPU
		{22ACBCE7-5076-49EF-B9B5-E432B394738A}.Release|x86.Build.0 = Release|Any CPU
		{249CFA55-789F-4BB5-BF0C-68091A12F826}.Debug|Any CPU.ActiveCfg = Debug|Any CPU
		{249CFA55-789F-4BB5-BF0C-68091A12F826}.Debug|Any CPU.Build.0 = Debug|Any CPU
		{249CFA55-789F-4BB5-BF0C-68091A12F826}.Debug|x64.ActiveCfg = Debug|Any CPU
		{249CFA55-789F-4BB5-BF0C-68091A12F826}.Debug|x64.Build.0 = Debug|Any CPU
		{249CFA55-789F-4BB5-BF0C-68091A12F826}.Debug|x86.ActiveCfg = Debug|Any CPU
		{249CFA55-789F-4BB5-BF0C-68091A12F826}.Debug|x86.Build.0 = Debug|Any CPU
		{249CFA55-789F-4BB5-BF0C-68091A12F826}.Release|Any CPU.ActiveCfg = Release|Any CPU
		{249CFA55-789F-4BB5-BF0C-68091A12F826}.Release|Any CPU.Build.0 = Release|Any CPU
		{249CFA55-789F-4BB5-BF0C-68091A12F826}.Release|x64.ActiveCfg = Release|Any CPU
		{249CFA55-789F-4BB5-BF0C-68091A12F826}.Release|x64.Build.0 = Release|Any CPU
		{249CFA55-789F-4BB5-BF0C-68091A12F826}.Release|x86.ActiveCfg = Release|Any CPU
		{249CFA55-789F-4BB5-BF0C-68091A12F826}.Release|x86.Build.0 = Release|Any CPU
		{410A76CA-C020-4573-A66C-639E3FFA4CA9}.Debug|Any CPU.ActiveCfg = Debug|Any CPU
		{410A76CA-C020-4573-A66C-639E3FFA4CA9}.Debug|Any CPU.Build.0 = Debug|Any CPU
		{410A76CA-C020-4573-A66C-639E3FFA4CA9}.Debug|x64.ActiveCfg = Debug|Any CPU
		{410A76CA-C020-4573-A66C-639E3FFA4CA9}.Debug|x64.Build.0 = Debug|Any CPU
		{410A76CA-C020-4573-A66C-639E3FFA4CA9}.Debug|x86.ActiveCfg = Debug|Any CPU
		{410A76CA-C020-4573-A66C-639E3FFA4CA9}.Debug|x86.Build.0 = Debug|Any CPU
		{410A76CA-C020-4573-A66C-639E3FFA4CA9}.Release|Any CPU.ActiveCfg = Release|Any CPU
		{410A76CA-C020-4573-A66C-639E3FFA4CA9}.Release|Any CPU.Build.0 = Release|Any CPU
		{410A76CA-C020-4573-A66C-639E3FFA4CA9}.Release|x64.ActiveCfg = Release|Any CPU
		{410A76CA-C020-4573-A66C-639E3FFA4CA9}.Release|x64.Build.0 = Release|Any CPU
		{410A76CA-C020-4573-A66C-639E3FFA4CA9}.Release|x86.ActiveCfg = Release|Any CPU
		{410A76CA-C020-4573-A66C-639E3FFA4CA9}.Release|x86.Build.0 = Release|Any CPU
		{DA23650E-B317-4709-9F31-D59D3F186486}.Debug|Any CPU.ActiveCfg = Debug|Any CPU
		{DA23650E-B317-4709-9F31-D59D3F186486}.Debug|Any CPU.Build.0 = Debug|Any CPU
		{DA23650E-B317-4709-9F31-D59D3F186486}.Debug|x64.ActiveCfg = Debug|Any CPU
		{DA23650E-B317-4709-9F31-D59D3F186486}.Debug|x64.Build.0 = Debug|Any CPU
		{DA23650E-B317-4709-9F31-D59D3F186486}.Debug|x86.ActiveCfg = Debug|Any CPU
		{DA23650E-B317-4709-9F31-D59D3F186486}.Debug|x86.Build.0 = Debug|Any CPU
		{DA23650E-B317-4709-9F31-D59D3F186486}.Release|Any CPU.ActiveCfg = Release|Any CPU
		{DA23650E-B317-4709-9F31-D59D3F186486}.Release|Any CPU.Build.0 = Release|Any CPU
		{DA23650E-B317-4709-9F31-D59D3F186486}.Release|x64.ActiveCfg = Release|Any CPU
		{DA23650E-B317-4709-9F31-D59D3F186486}.Release|x64.Build.0 = Release|Any CPU
		{DA23650E-B317-4709-9F31-D59D3F186486}.Release|x86.ActiveCfg = Release|Any CPU
		{DA23650E-B317-4709-9F31-D59D3F186486}.Release|x86.Build.0 = Release|Any CPU
		{05876989-37A7-4D53-8AC9-D9545593493B}.Debug|Any CPU.ActiveCfg = Debug|Any CPU
		{05876989-37A7-4D53-8AC9-D9545593493B}.Debug|Any CPU.Build.0 = Debug|Any CPU
		{05876989-37A7-4D53-8AC9-D9545593493B}.Debug|x64.ActiveCfg = Debug|Any CPU
		{05876989-37A7-4D53-8AC9-D9545593493B}.Debug|x64.Build.0 = Debug|Any CPU
		{05876989-37A7-4D53-8AC9-D9545593493B}.Debug|x86.ActiveCfg = Debug|Any CPU
		{05876989-37A7-4D53-8AC9-D9545593493B}.Debug|x86.Build.0 = Debug|Any CPU
		{05876989-37A7-4D53-8AC9-D9545593493B}.Release|Any CPU.ActiveCfg = Release|Any CPU
		{05876989-37A7-4D53-8AC9-D9545593493B}.Release|Any CPU.Build.0 = Release|Any CPU
		{05876989-37A7-4D53-8AC9-D9545593493B}.Release|x64.ActiveCfg = Release|Any CPU
		{05876989-37A7-4D53-8AC9-D9545593493B}.Release|x64.Build.0 = Release|Any CPU
		{05876989-37A7-4D53-8AC9-D9545593493B}.Release|x86.ActiveCfg = Release|Any CPU
		{05876989-37A7-4D53-8AC9-D9545593493B}.Release|x86.Build.0 = Release|Any CPU
		{DD360C1C-AE17-40A1-AB8C-9ABC0B40BA87}.Debug|Any CPU.ActiveCfg = Debug|Any CPU
		{DD360C1C-AE17-40A1-AB8C-9ABC0B40BA87}.Debug|Any CPU.Build.0 = Debug|Any CPU
		{DD360C1C-AE17-40A1-AB8C-9ABC0B40BA87}.Debug|x64.ActiveCfg = Debug|Any CPU
		{DD360C1C-AE17-40A1-AB8C-9ABC0B40BA87}.Debug|x64.Build.0 = Debug|Any CPU
		{DD360C1C-AE17-40A1-AB8C-9ABC0B40BA87}.Debug|x86.ActiveCfg = Debug|Any CPU
		{DD360C1C-AE17-40A1-AB8C-9ABC0B40BA87}.Debug|x86.Build.0 = Debug|Any CPU
		{DD360C1C-AE17-40A1-AB8C-9ABC0B40BA87}.Release|Any CPU.ActiveCfg = Release|Any CPU
		{DD360C1C-AE17-40A1-AB8C-9ABC0B40BA87}.Release|Any CPU.Build.0 = Release|Any CPU
		{DD360C1C-AE17-40A1-AB8C-9ABC0B40BA87}.Release|x64.ActiveCfg = Release|Any CPU
		{DD360C1C-AE17-40A1-AB8C-9ABC0B40BA87}.Release|x64.Build.0 = Release|Any CPU
		{DD360C1C-AE17-40A1-AB8C-9ABC0B40BA87}.Release|x86.ActiveCfg = Release|Any CPU
		{DD360C1C-AE17-40A1-AB8C-9ABC0B40BA87}.Release|x86.Build.0 = Release|Any CPU
		{ECFCBBEA-62DF-4484-AA97-E568349DAF6A}.Debug|Any CPU.ActiveCfg = Debug|Any CPU
		{ECFCBBEA-62DF-4484-AA97-E568349DAF6A}.Debug|Any CPU.Build.0 = Debug|Any CPU
		{ECFCBBEA-62DF-4484-AA97-E568349DAF6A}.Debug|x64.ActiveCfg = Debug|Any CPU
		{ECFCBBEA-62DF-4484-AA97-E568349DAF6A}.Debug|x64.Build.0 = Debug|Any CPU
		{ECFCBBEA-62DF-4484-AA97-E568349DAF6A}.Debug|x86.ActiveCfg = Debug|Any CPU
		{ECFCBBEA-62DF-4484-AA97-E568349DAF6A}.Debug|x86.Build.0 = Debug|Any CPU
		{ECFCBBEA-62DF-4484-AA97-E568349DAF6A}.Release|Any CPU.ActiveCfg = Release|Any CPU
		{ECFCBBEA-62DF-4484-AA97-E568349DAF6A}.Release|Any CPU.Build.0 = Release|Any CPU
		{ECFCBBEA-62DF-4484-AA97-E568349DAF6A}.Release|x64.ActiveCfg = Release|Any CPU
		{ECFCBBEA-62DF-4484-AA97-E568349DAF6A}.Release|x64.Build.0 = Release|Any CPU
		{ECFCBBEA-62DF-4484-AA97-E568349DAF6A}.Release|x86.ActiveCfg = Release|Any CPU
		{ECFCBBEA-62DF-4484-AA97-E568349DAF6A}.Release|x86.Build.0 = Release|Any CPU
		{17E8DE5F-0F9F-492F-A80B-F75CFD2B6E9A}.Debug|Any CPU.ActiveCfg = Debug|Any CPU
		{17E8DE5F-0F9F-492F-A80B-F75CFD2B6E9A}.Debug|Any CPU.Build.0 = Debug|Any CPU
		{17E8DE5F-0F9F-492F-A80B-F75CFD2B6E9A}.Debug|x64.ActiveCfg = Debug|Any CPU
		{17E8DE5F-0F9F-492F-A80B-F75CFD2B6E9A}.Debug|x64.Build.0 = Debug|Any CPU
		{17E8DE5F-0F9F-492F-A80B-F75CFD2B6E9A}.Debug|x86.ActiveCfg = Debug|Any CPU
		{17E8DE5F-0F9F-492F-A80B-F75CFD2B6E9A}.Debug|x86.Build.0 = Debug|Any CPU
		{17E8DE5F-0F9F-492F-A80B-F75CFD2B6E9A}.Release|Any CPU.ActiveCfg = Release|Any CPU
		{17E8DE5F-0F9F-492F-A80B-F75CFD2B6E9A}.Release|Any CPU.Build.0 = Release|Any CPU
		{17E8DE5F-0F9F-492F-A80B-F75CFD2B6E9A}.Release|x64.ActiveCfg = Release|Any CPU
		{17E8DE5F-0F9F-492F-A80B-F75CFD2B6E9A}.Release|x64.Build.0 = Release|Any CPU
		{17E8DE5F-0F9F-492F-A80B-F75CFD2B6E9A}.Release|x86.ActiveCfg = Release|Any CPU
		{17E8DE5F-0F9F-492F-A80B-F75CFD2B6E9A}.Release|x86.Build.0 = Release|Any CPU
	EndGlobalSection
	GlobalSection(SolutionProperties) = preSolution
		HideSolutionNode = FALSE
	EndGlobalSection
	GlobalSection(ExtensibilityGlobals) = postSolution
		SolutionGuid = {42790A2A-2629-4BB9-BB71-57439F689F81}
	EndGlobalSection
EndGlobal
